# generated by rye
# use `rye lock` or `rye sync` to update this lockfile
#
# last locked with the following flags:
#   pre: false
#   features: []
#   all-features: false
#   with-sources: false
#   generate-hashes: false
#   universal: false

-e file:.
annotated-types==0.7.0
    # via pydantic
click==8.1.8
    # via typer
et-xmlfile==2.0.0
    # via openpyxl
iniconfig==2.0.0
    # via pytest
jinja2==3.1.5
    # via netty
markdown-it-py==3.0.0
    # via rich
markupsafe==3.0.2
    # via jinja2
mdurl==0.1.2
    # via markdown-it-py
openpyxl==3.1.5
    # via netty
packaging==24.2
    # via pytest
pluggy==1.5.0
    # via pytest
pydantic==2.10.5
    # via netty
    # via pydantic-extra-types
    # via pydantic-settings
pydantic-core==2.27.2
    # via pydantic
pydantic-extra-types==2.10.2
    # via netty
pydantic-settings==2.7.1
    # via netty
pygments==2.19.1
    # via rich
pytest==8.3.4
python-dotenv==1.0.1
    # via pydantic-settings
pyyaml==6.0.2
    # via netty
rich==13.9.4
    # via typer
ruff==0.9.3
shellingham==1.5.4
    # via typer
typer==0.15.1
    # via netty
typing-extensions==4.12.2
    # via pydantic
    # via pydantic-core
    # via pydantic-extra-types
    # via typer
tzdata==2025.1
    # via netty
